
Microsoft Visual Studio Solution File, Format Version 12.00
Project("{FAE04EC0-301F-11D3-BF4B-00C04F79EFBC}") = "SpotifySync", "SpotifySync\SpotifySync.csproj", "{F5F025D4-EC04-468E-90E7-440D14D834EA}"
EndProject
Global
	GlobalSection(SolutionConfigurationPlatforms) = preSolution
		Debug|Any CPU = Debug|Any CPU
		Release|Any CPU = Release|Any CPU
	EndGlobalSection
	GlobalSection(ProjectConfigurationPlatforms) = postSolution
		{F5F025D4-EC04-468E-90E7-440D14D834EA}.Debug|Any CPU.ActiveCfg = Debug|Any CPU
		{F5F025D4-EC04-468E-90E7-440D14D834EA}.Debug|Any CPU.Build.0 = Debug|Any CPU
		{F5F025D4-EC04-468E-90E7-440D14D834EA}.Release|Any CPU.ActiveCfg = Release|Any CPU
		{F5F025D4-EC04-468E-90E7-440D14D834EA}.Release|Any CPU.Build.0 = Release|Any CPU
	EndGlobalSection
EndGlobal
